
Microsoft Visual Studio Solution File, Format Version 12.00
# Visual Studio Version 17
VisualStudioVersion = 17.7.34024.191
MinimumVisualStudioVersion = 10.0.40219.1
Project("{FAE04EC0-301F-11D3-BF4B-00C04F79EFBC}") = "SoapService", "SoapService.csproj", "{20D864A7-004F-4429-961C-AC74086BA2D6}"
EndProject
Global
	GlobalSection(SolutionConfigurationPlatforms) = preSolution
		Debug|Any CPU = Debug|Any CPU
		Release|Any CPU = Release|Any CPU
	EndGlobalSection
	GlobalSection(ProjectConfigurationPlatforms) = postSolution
		{20D864A7-004F-4429-961C-AC74086BA2D6}.Debug|Any CPU.ActiveCfg = Debug|Any CPU
		{20D864A7-004F-4429-961C-AC74086BA2D6}.Debug|Any CPU.Build.0 = Debug|Any CPU
		{20D864A7-004F-4429-961C-AC74086BA2D6}.Release|Any CPU.ActiveCfg = Release|Any CPU
		{20D864A7-004F-4429-961C-AC74086BA2D6}.Release|Any CPU.Build.0 = Release|Any CPU
	EndGlobalSection
	GlobalSection(SolutionProperties) = preSolution
		HideSolutionNode = FALSE
	EndGlobalSection
	GlobalSection(ExtensibilityGlobals) = postSolution
		SolutionGuid = {18C5CDE5-BEB7-4BF2-9BC5-64757CC754F6}
	EndGlobalSection
EndGlobal
